// !$*UTF8*$!
{
	archiveVersion = 1;
	classes = {
	};
	objectVersion = 50;
	objects = {

/* Begin PBXBuildFile section */
		13A9360D241BB9E272DC5330 /* Pods_AutoNet_Ios.framework in Frameworks */ = {isa = PBXBuildFile; fileRef = 213F22CBF81E1CC70FF604A8 /* Pods_AutoNet_Ios.framework */; };
		B619827521B0D59D00478809 /* RealNetInterceptor.swift in Sources */ = {isa = PBXBuildFile; fileRef = B619827421B0D59D00478809 /* RealNetInterceptor.swift */; };
		B619827721B4BE4600478809 /* BaseResponse.swift in Sources */ = {isa = PBXBuildFile; fileRef = B619827621B4BE4600478809 /* BaseResponse.swift */; };
		B619827B21B4DE8900478809 /* AutoNetSimpleAnyObserver.swift in Sources */ = {isa = PBXBuildFile; fileRef = B619827A21B4DE8900478809 /* AutoNetSimpleAnyObserver.swift */; };
		B619828021B4FCA600478809 /* DefaultLogInterceptor.swift in Sources */ = {isa = PBXBuildFile; fileRef = B619827F21B4FCA600478809 /* DefaultLogInterceptor.swift */; };
		B619828221B5182500478809 /* AutoNetFileClosure.swift in Sources */ = {isa = PBXBuildFile; fileRef = B619828121B5182500478809 /* AutoNetFileClosure.swift */; };
		B619828421B5276200478809 /* AutoNetQuqeustTypeUtil.swift in Sources */ = {isa = PBXBuildFile; fileRef = B619828321B5276200478809 /* AutoNetQuqeustTypeUtil.swift */; };
		B619828621B608B500478809 /* BaseRealInterceptor.swift in Sources */ = {isa = PBXBuildFile; fileRef = B619828521B608B500478809 /* BaseRealInterceptor.swift */; };
		B619828821B60B3F00478809 /* RealPushFileInterceptor.swift in Sources */ = {isa = PBXBuildFile; fileRef = B619828721B60B3F00478809 /* RealPushFileInterceptor.swift */; };
		B619828A21B60E0800478809 /* RealPullFileInterceptor.swift in Sources */ = {isa = PBXBuildFile; fileRef = B619828921B60E0800478809 /* RealPullFileInterceptor.swift */; };
		B6B0464F21A531DD00E2821B /* AppDelegate.swift in Sources */ = {isa = PBXBuildFile; fileRef = B6B0464E21A531DD00E2821B /* AppDelegate.swift */; };
		B6B0465121A531DD00E2821B /* ViewController.swift in Sources */ = {isa = PBXBuildFile; fileRef = B6B0465021A531DD00E2821B /* ViewController.swift */; };
		B6B0465421A531DD00E2821B /* Main.storyboard in Resources */ = {isa = PBXBuildFile; fileRef = B6B0465221A531DD00E2821B /* Main.storyboard */; };
		B6B0465621A531E600E2821B /* Assets.xcassets in Resources */ = {isa = PBXBuildFile; fileRef = B6B0465521A531E600E2821B /* Assets.xcassets */; };
		B6B0465921A531E600E2821B /* LaunchScreen.storyboard in Resources */ = {isa = PBXBuildFile; fileRef = B6B0465721A531E600E2821B /* LaunchScreen.storyboard */; };
		B6B0466621A5386700E2821B /* AutoNetUtil.swift in Sources */ = {isa = PBXBuildFile; fileRef = B6B0466521A5386700E2821B /* AutoNetUtil.swift */; };
		B6B0466921A53CDF00E2821B /* AutoNetError.swift in Sources */ = {isa = PBXBuildFile; fileRef = B6B0466821A53CDF00E2821B /* AutoNetError.swift */; };
		B6B0467021A53FC300E2821B /* RequestParam.swift in Sources */ = {isa = PBXBuildFile; fileRef = B6B0466F21A53FC300E2821B /* RequestParam.swift */; };
		B6B0467321A5418600E2821B /* AutoNetPattern.swift in Sources */ = {isa = PBXBuildFile; fileRef = B6B0467221A5418600E2821B /* AutoNetPattern.swift */; };
		B6B0467621A5427F00E2821B /* Headers.swift in Sources */ = {isa = PBXBuildFile; fileRef = B6B0467521A5427F00E2821B /* Headers.swift */; };
		B6B0467821A5481400E2821B /* AutoNet.swift in Sources */ = {isa = PBXBuildFile; fileRef = B6B0467721A5481400E2821B /* AutoNet.swift */; };
		B6B0467A21A548D600E2821B /* AutoNetConfig.swift in Sources */ = {isa = PBXBuildFile; fileRef = B6B0467921A548D600E2821B /* AutoNetConfig.swift */; };
		B6B0467C21A54C8000E2821B /* Interceptor.swift in Sources */ = {isa = PBXBuildFile; fileRef = B6B0467B21A54C8000E2821B /* Interceptor.swift */; };
		B6B0467F21A64ADF00E2821B /* AutoNetDataClosure.swift in Sources */ = {isa = PBXBuildFile; fileRef = B6B0467E21A64ADF00E2821B /* AutoNetDataClosure.swift */; };
		B6B0468121A64B5B00E2821B /* AutoNetConvertClosure.swift in Sources */ = {isa = PBXBuildFile; fileRef = B6B0468021A64B5B00E2821B /* AutoNetConvertClosure.swift */; };
		B6B0468321A67BDC00E2821B /* Request.swift in Sources */ = {isa = PBXBuildFile; fileRef = B6B0468221A67BDC00E2821B /* Request.swift */; };
		B6B0468521A680CD00E2821B /* Chain.swift in Sources */ = {isa = PBXBuildFile; fileRef = B6B0468421A680CD00E2821B /* Chain.swift */; };
		B6B0468721A6818600E2821B /* AutoNetClosure.swift in Sources */ = {isa = PBXBuildFile; fileRef = B6B0468621A6818600E2821B /* AutoNetClosure.swift */; };
		B6B0468921A6922400E2821B /* RealInterceptorChain.swift in Sources */ = {isa = PBXBuildFile; fileRef = B6B0468821A6922400E2821B /* RealInterceptorChain.swift */; };
		B6B0468B21A7D7DE00E2821B /* AutoNetStrategy.swift in Sources */ = {isa = PBXBuildFile; fileRef = B6B0468A21A7D7DE00E2821B /* AutoNetStrategy.swift */; };
		B6B0468D21A7D8D400E2821B /* AutoNetType.swift in Sources */ = {isa = PBXBuildFile; fileRef = B6B0468C21A7D8D400E2821B /* AutoNetType.swift */; };
		B6B0469021A7E54700E2821B /* AutoNetDefaultResponse.swift in Sources */ = {isa = PBXBuildFile; fileRef = B6B0468F21A7E54700E2821B /* AutoNetDefaultResponse.swift */; };
		D14D4BAF21AA56690049C5CA /* AutoNetExecutor.swift in Sources */ = {isa = PBXBuildFile; fileRef = D14D4BAE21AA56690049C5CA /* AutoNetExecutor.swift */; };
		D14D4BB121AA656F0049C5CA /* TextUtil.swift in Sources */ = {isa = PBXBuildFile; fileRef = D14D4BB021AA656F0049C5CA /* TextUtil.swift */; };
		D14D4BB321AA8F720049C5CA /* AutoNetUrlUtil.swift in Sources */ = {isa = PBXBuildFile; fileRef = D14D4BB221AA8F720049C5CA /* AutoNetUrlUtil.swift */; };
/* End PBXBuildFile section */

/* Begin PBXFileReference section */
		213F22CBF81E1CC70FF604A8 /* Pods_AutoNet_Ios.framework */ = {isa = PBXFileReference; explicitFileType = wrapper.framework; includeInIndex = 0; path = Pods_AutoNet_Ios.framework; sourceTree = BUILT_PRODUCTS_DIR; };
		7D1287A0D7E9322D76C708E2 /* Pods-AutoNet-Ios.debug.xcconfig */ = {isa = PBXFileReference; includeInIndex = 1; lastKnownFileType = text.xcconfig; name = "Pods-AutoNet-Ios.debug.xcconfig"; path = "Pods/Target Support Files/Pods-AutoNet-Ios/Pods-AutoNet-Ios.debug.xcconfig"; sourceTree = "<group>"; };
		B619827421B0D59D00478809 /* RealNetInterceptor.swift */ = {isa = PBXFileReference; lastKnownFileType = sourcecode.swift; path = RealNetInterceptor.swift; sourceTree = "<group>"; };
		B619827621B4BE4600478809 /* BaseResponse.swift */ = {isa = PBXFileReference; lastKnownFileType = sourcecode.swift; path = BaseResponse.swift; sourceTree = "<group>"; };
		B619827A21B4DE8900478809 /* AutoNetSimpleAnyObserver.swift */ = {isa = PBXFileReference; lastKnownFileType = sourcecode.swift; path = AutoNetSimpleAnyObserver.swift; sourceTree = "<group>"; };
		B619827F21B4FCA600478809 /* DefaultLogInterceptor.swift */ = {isa = PBXFileReference; lastKnownFileType = sourcecode.swift; path = DefaultLogInterceptor.swift; sourceTree = "<group>"; };
		B619828121B5182500478809 /* AutoNetFileClosure.swift */ = {isa = PBXFileReference; lastKnownFileType = sourcecode.swift; path = AutoNetFileClosure.swift; sourceTree = "<group>"; };
		B619828321B5276200478809 /* AutoNetQuqeustTypeUtil.swift */ = {isa = PBXFileReference; lastKnownFileType = sourcecode.swift; path = AutoNetQuqeustTypeUtil.swift; sourceTree = "<group>"; };
		B619828521B608B500478809 /* BaseRealInterceptor.swift */ = {isa = PBXFileReference; lastKnownFileType = sourcecode.swift; path = BaseRealInterceptor.swift; sourceTree = "<group>"; };
		B619828721B60B3F00478809 /* RealPushFileInterceptor.swift */ = {isa = PBXFileReference; lastKnownFileType = sourcecode.swift; path = RealPushFileInterceptor.swift; sourceTree = "<group>"; };
		B619828921B60E0800478809 /* RealPullFileInterceptor.swift */ = {isa = PBXFileReference; lastKnownFileType = sourcecode.swift; path = RealPullFileInterceptor.swift; sourceTree = "<group>"; };
		B6B0464B21A531DD00E2821B /* AutoNet-Ios.app */ = {isa = PBXFileReference; explicitFileType = wrapper.application; includeInIndex = 0; path = "AutoNet-Ios.app"; sourceTree = BUILT_PRODUCTS_DIR; };
		B6B0464E21A531DD00E2821B /* AppDelegate.swift */ = {isa = PBXFileReference; lastKnownFileType = sourcecode.swift; path = AppDelegate.swift; sourceTree = "<group>"; };
		B6B0465021A531DD00E2821B /* ViewController.swift */ = {isa = PBXFileReference; lastKnownFileType = sourcecode.swift; path = ViewController.swift; sourceTree = "<group>"; };
		B6B0465321A531DD00E2821B /* Base */ = {isa = PBXFileReference; lastKnownFileType = file.storyboard; name = Base; path = Base.lproj/Main.storyboard; sourceTree = "<group>"; };
		B6B0465521A531E600E2821B /* Assets.xcassets */ = {isa = PBXFileReference; lastKnownFileType = folder.assetcatalog; path = Assets.xcassets; sourceTree = "<group>"; };
		B6B0465821A531E600E2821B /* Base */ = {isa = PBXFileReference; lastKnownFileType = file.storyboard; name = Base; path = Base.lproj/LaunchScreen.storyboard; sourceTree = "<group>"; };
		B6B0465A21A531E600E2821B /* Info.plist */ = {isa = PBXFileReference; lastKnownFileType = text.plist.xml; path = Info.plist; sourceTree = "<group>"; };
		B6B0466521A5386700E2821B /* AutoNetUtil.swift */ = {isa = PBXFileReference; lastKnownFileType = sourcecode.swift; path = AutoNetUtil.swift; sourceTree = "<group>"; };
		B6B0466821A53CDF00E2821B /* AutoNetError.swift */ = {isa = PBXFileReference; lastKnownFileType = sourcecode.swift; path = AutoNetError.swift; sourceTree = "<group>"; };
		B6B0466F21A53FC300E2821B /* RequestParam.swift */ = {isa = PBXFileReference; lastKnownFileType = sourcecode.swift; path = RequestParam.swift; sourceTree = "<group>"; };
		B6B0467221A5418600E2821B /* AutoNetPattern.swift */ = {isa = PBXFileReference; lastKnownFileType = sourcecode.swift; path = AutoNetPattern.swift; sourceTree = "<group>"; };
		B6B0467521A5427F00E2821B /* Headers.swift */ = {isa = PBXFileReference; lastKnownFileType = sourcecode.swift; path = Headers.swift; sourceTree = "<group>"; };
		B6B0467721A5481400E2821B /* AutoNet.swift */ = {isa = PBXFileReference; lastKnownFileType = sourcecode.swift; path = AutoNet.swift; sourceTree = "<group>"; };
		B6B0467921A548D600E2821B /* AutoNetConfig.swift */ = {isa = PBXFileReference; lastKnownFileType = sourcecode.swift; path = AutoNetConfig.swift; sourceTree = "<group>"; };
		B6B0467B21A54C8000E2821B /* Interceptor.swift */ = {isa = PBXFileReference; lastKnownFileType = sourcecode.swift; path = Interceptor.swift; sourceTree = "<group>"; };
		B6B0467E21A64ADF00E2821B /* AutoNetDataClosure.swift */ = {isa = PBXFileReference; lastKnownFileType = sourcecode.swift; path = AutoNetDataClosure.swift; sourceTree = "<group>"; };
		B6B0468021A64B5B00E2821B /* AutoNetConvertClosure.swift */ = {isa = PBXFileReference; lastKnownFileType = sourcecode.swift; path = AutoNetConvertClosure.swift; sourceTree = "<group>"; };
		B6B0468221A67BDC00E2821B /* Request.swift */ = {isa = PBXFileReference; lastKnownFileType = sourcecode.swift; path = Request.swift; sourceTree = "<group>"; };
		B6B0468421A680CD00E2821B /* Chain.swift */ = {isa = PBXFileReference; lastKnownFileType = sourcecode.swift; path = Chain.swift; sourceTree = "<group>"; };
		B6B0468621A6818600E2821B /* AutoNetClosure.swift */ = {isa = PBXFileReference; lastKnownFileType = sourcecode.swift; path = AutoNetClosure.swift; sourceTree = "<group>"; };
		B6B0468821A6922400E2821B /* RealInterceptorChain.swift */ = {isa = PBXFileReference; lastKnownFileType = sourcecode.swift; path = RealInterceptorChain.swift; sourceTree = "<group>"; };
		B6B0468A21A7D7DE00E2821B /* AutoNetStrategy.swift */ = {isa = PBXFileReference; lastKnownFileType = sourcecode.swift; path = AutoNetStrategy.swift; sourceTree = "<group>"; };
		B6B0468C21A7D8D400E2821B /* AutoNetType.swift */ = {isa = PBXFileReference; lastKnownFileType = sourcecode.swift; path = AutoNetType.swift; sourceTree = "<group>"; };
		B6B0468F21A7E54700E2821B /* AutoNetDefaultResponse.swift */ = {isa = PBXFileReference; lastKnownFileType = sourcecode.swift; path = AutoNetDefaultResponse.swift; sourceTree = "<group>"; };
		D14D4BAE21AA56690049C5CA /* AutoNetExecutor.swift */ = {isa = PBXFileReference; lastKnownFileType = sourcecode.swift; path = AutoNetExecutor.swift; sourceTree = "<group>"; };
		D14D4BB021AA656F0049C5CA /* TextUtil.swift */ = {isa = PBXFileReference; lastKnownFileType = sourcecode.swift; path = TextUtil.swift; sourceTree = "<group>"; };
		D14D4BB221AA8F720049C5CA /* AutoNetUrlUtil.swift */ = {isa = PBXFileReference; lastKnownFileType = sourcecode.swift; path = AutoNetUrlUtil.swift; sourceTree = "<group>"; };
		F494D2D4F00AA739C896AEA9 /* Pods-AutoNet-Ios.release.xcconfig */ = {isa = PBXFileReference; includeInIndex = 1; lastKnownFileType = text.xcconfig; name = "Pods-AutoNet-Ios.release.xcconfig"; path = "Pods/Target Support Files/Pods-AutoNet-Ios/Pods-AutoNet-Ios.release.xcconfig"; sourceTree = "<group>"; };
/* End PBXFileReference section */

/* Begin PBXFrameworksBuildPhase section */
		B6B0464821A531DD00E2821B /* Frameworks */ = {
			isa = PBXFrameworksBuildPhase;
			buildActionMask = 2147483647;
			files = (
				13A9360D241BB9E272DC5330 /* Pods_AutoNet_Ios.framework in Frameworks */,
			);
			runOnlyForDeploymentPostprocessing = 0;
		};
/* End PBXFrameworksBuildPhase section */

/* Begin PBXGroup section */
		258AFF4F12AC3BE70F0CEFB3 /* Pods */ = {
			isa = PBXGroup;
			children = (
				7D1287A0D7E9322D76C708E2 /* Pods-AutoNet-Ios.debug.xcconfig */,
				F494D2D4F00AA739C896AEA9 /* Pods-AutoNet-Ios.release.xcconfig */,
			);
			name = Pods;
			sourceTree = "<group>";
		};
		B619827E21B4FC8400478809 /* log */ = {
			isa = PBXGroup;
			children = (
				B619827F21B4FCA600478809 /* DefaultLogInterceptor.swift */,
			);
			path = log;
			sourceTree = "<group>";
		};
		B6B0464221A531DD00E2821B = {
			isa = PBXGroup;
			children = (
				B6B0466121A5376A00E2821B /* AutoNet */,
				B6B0464D21A531DD00E2821B /* AutoNet-Ios */,
				B6B0464C21A531DD00E2821B /* Products */,
				258AFF4F12AC3BE70F0CEFB3 /* Pods */,
				C05B7F65C7F1438F9C517089 /* Frameworks */,
			);
			sourceTree = "<group>";
		};
		B6B0464C21A531DD00E2821B /* Products */ = {
			isa = PBXGroup;
			children = (
				B6B0464B21A531DD00E2821B /* AutoNet-Ios.app */,
			);
			name = Products;
			sourceTree = "<group>";
		};
		B6B0464D21A531DD00E2821B /* AutoNet-Ios */ = {
			isa = PBXGroup;
			children = (
				B6B0464E21A531DD00E2821B /* AppDelegate.swift */,
				B6B0465021A531DD00E2821B /* ViewController.swift */,
				B6B0465221A531DD00E2821B /* Main.storyboard */,
				B6B0465521A531E600E2821B /* Assets.xcassets */,
				B6B0465721A531E600E2821B /* LaunchScreen.storyboard */,
				B6B0465A21A531E600E2821B /* Info.plist */,
				B619827621B4BE4600478809 /* BaseResponse.swift */,
			);
			path = "AutoNet-Ios";
			sourceTree = "<group>";
		};
		B6B0466121A5376A00E2821B /* AutoNet */ = {
			isa = PBXGroup;
			children = (
				B619827E21B4FC8400478809 /* log */,
				B6B0468E21A7E53500E2821B /* response */,
				B6B0467D21A64A9E00E2821B /* closure */,
				B6B0467421A5426F00E2821B /* header */,
				B6B0467121A5417A00E2821B /* config */,
				B6B0466B21A53E7200E2821B /* request */,
				B6B0466A21A53D6E00E2821B /* Interceptor */,
				B6B0466721A53CC000E2821B /* error */,
				B6B0466421A5384700E2821B /* util */,
				B6B0467721A5481400E2821B /* AutoNet.swift */,
				D14D4BAE21AA56690049C5CA /* AutoNetExecutor.swift */,
			);
			path = AutoNet;
			sourceTree = "<group>";
		};
		B6B0466421A5384700E2821B /* util */ = {
			isa = PBXGroup;
			children = (
				B6B0466521A5386700E2821B /* AutoNetUtil.swift */,
				D14D4BB021AA656F0049C5CA /* TextUtil.swift */,
				D14D4BB221AA8F720049C5CA /* AutoNetUrlUtil.swift */,
				B619828321B5276200478809 /* AutoNetQuqeustTypeUtil.swift */,
			);
			path = util;
			sourceTree = "<group>";
		};
		B6B0466721A53CC000E2821B /* error */ = {
			isa = PBXGroup;
			children = (
				B6B0466821A53CDF00E2821B /* AutoNetError.swift */,
			);
			path = error;
			sourceTree = "<group>";
		};
		B6B0466A21A53D6E00E2821B /* Interceptor */ = {
			isa = PBXGroup;
			children = (
				B6B0467B21A54C8000E2821B /* Interceptor.swift */,
				B6B0468421A680CD00E2821B /* Chain.swift */,
				B6B0468821A6922400E2821B /* RealInterceptorChain.swift */,
				B619827421B0D59D00478809 /* RealNetInterceptor.swift */,
				B619828521B608B500478809 /* BaseRealInterceptor.swift */,
				B619828721B60B3F00478809 /* RealPushFileInterceptor.swift */,
				B619828921B60E0800478809 /* RealPullFileInterceptor.swift */,
			);
			path = Interceptor;
			sourceTree = "<group>";
		};
		B6B0466B21A53E7200E2821B /* request */ = {
			isa = PBXGroup;
			children = (
				B6B0466F21A53FC300E2821B /* RequestParam.swift */,
				B6B0468221A67BDC00E2821B /* Request.swift */,
			);
			path = request;
			sourceTree = "<group>";
		};
		B6B0467121A5417A00E2821B /* config */ = {
			isa = PBXGroup;
			children = (
				B6B0467221A5418600E2821B /* AutoNetPattern.swift */,
				B6B0467921A548D600E2821B /* AutoNetConfig.swift */,
				B6B0468A21A7D7DE00E2821B /* AutoNetStrategy.swift */,
				B6B0468C21A7D8D400E2821B /* AutoNetType.swift */,
			);
			path = config;
			sourceTree = "<group>";
		};
		B6B0467421A5426F00E2821B /* header */ = {
			isa = PBXGroup;
			children = (
				B6B0467521A5427F00E2821B /* Headers.swift */,
			);
			path = header;
			sourceTree = "<group>";
		};
		B6B0467D21A64A9E00E2821B /* closure */ = {
			isa = PBXGroup;
			children = (
				B6B0467E21A64ADF00E2821B /* AutoNetDataClosure.swift */,
				B6B0468021A64B5B00E2821B /* AutoNetConvertClosure.swift */,
				B6B0468621A6818600E2821B /* AutoNetClosure.swift */,
				B619827A21B4DE8900478809 /* AutoNetSimpleAnyObserver.swift */,
				B619828121B5182500478809 /* AutoNetFileClosure.swift */,
			);
			path = closure;
			sourceTree = "<group>";
		};
		B6B0468E21A7E53500E2821B /* response */ = {
			isa = PBXGroup;
			children = (
				B6B0468F21A7E54700E2821B /* AutoNetDefaultResponse.swift */,
			);
			path = response;
			sourceTree = "<group>";
		};
		C05B7F65C7F1438F9C517089 /* Frameworks */ = {
			isa = PBXGroup;
			children = (
				213F22CBF81E1CC70FF604A8 /* Pods_AutoNet_Ios.framework */,
			);
			name = Frameworks;
			sourceTree = "<group>";
		};
/* End PBXGroup section */

/* Begin PBXNativeTarget section */
		B6B0464A21A531DD00E2821B /* AutoNet-Ios */ = {
			isa = PBXNativeTarget;
			buildConfigurationList = B6B0465D21A531E600E2821B /* Build configuration list for PBXNativeTarget "AutoNet-Ios" */;
			buildPhases = (
				6140ECF888B65F0FAB180C8B /* [CP] Check Pods Manifest.lock */,
				B6B0464721A531DD00E2821B /* Sources */,
				B6B0464821A531DD00E2821B /* Frameworks */,
				B6B0464921A531DD00E2821B /* Resources */,
				8B05C7BC76278A33D82908E4 /* [CP] Embed Pods Frameworks */,
			);
			buildRules = (
			);
			dependencies = (
			);
			name = "AutoNet-Ios";
			productName = "AutoNet-Ios";
			productReference = B6B0464B21A531DD00E2821B /* AutoNet-Ios.app */;
			productType = "com.apple.product-type.application";
		};
/* End PBXNativeTarget section */

/* Begin PBXProject section */
		B6B0464321A531DD00E2821B /* Project object */ = {
			isa = PBXProject;
			attributes = {
				LastSwiftUpdateCheck = 1010;
				LastUpgradeCheck = 1010;
				ORGANIZATIONNAME = xiaoxige;
				TargetAttributes = {
					B6B0464A21A531DD00E2821B = {
						CreatedOnToolsVersion = 10.1;
					};
				};
			};
			buildConfigurationList = B6B0464621A531DD00E2821B /* Build configuration list for PBXProject "AutoNet-Ios" */;
			compatibilityVersion = "Xcode 9.3";
			developmentRegion = en;
			hasScannedForEncodings = 0;
			knownRegions = (
				en,
				Base,
			);
			mainGroup = B6B0464221A531DD00E2821B;
			productRefGroup = B6B0464C21A531DD00E2821B /* Products */;
			projectDirPath = "";
			projectRoot = "";
			targets = (
				B6B0464A21A531DD00E2821B /* AutoNet-Ios */,
			);
		};
/* End PBXProject section */

/* Begin PBXResourcesBuildPhase section */
		B6B0464921A531DD00E2821B /* Resources */ = {
			isa = PBXResourcesBuildPhase;
			buildActionMask = 2147483647;
			files = (
				B6B0465921A531E600E2821B /* LaunchScreen.storyboard in Resources */,
				B6B0465621A531E600E2821B /* Assets.xcassets in Resources */,
				B6B0465421A531DD00E2821B /* Main.storyboard in Resources */,
			);
			runOnlyForDeploymentPostprocessing = 0;
		};
/* End PBXResourcesBuildPhase section */

/* Begin PBXShellScriptBuildPhase section */
		6140ECF888B65F0FAB180C8B /* [CP] Check Pods Manifest.lock */ = {
			isa = PBXShellScriptBuildPhase;
			buildActionMask = 2147483647;
			files = (
			);
			inputFileListPaths = (
			);
			inputPaths = (
				"${PODS_PODFILE_DIR_PATH}/Podfile.lock",
				"${PODS_ROOT}/Manifest.lock",
			);
			name = "[CP] Check Pods Manifest.lock";
			outputFileListPaths = (
			);
			outputPaths = (
				"$(DERIVED_FILE_DIR)/Pods-AutoNet-Ios-checkManifestLockResult.txt",
			);
			runOnlyForDeploymentPostprocessing = 0;
			shellPath = /bin/sh;
			shellScript = "diff \"${PODS_PODFILE_DIR_PATH}/Podfile.lock\" \"${PODS_ROOT}/Manifest.lock\" > /dev/null\nif [ $? != 0 ] ; then\n    # print error to STDERR\n    echo \"error: The sandbox is not in sync with the Podfile.lock. Run 'pod install' or update your CocoaPods installation.\" >&2\n    exit 1\nfi\n# This output is used by Xcode 'outputs' to avoid re-running this script phase.\necho \"SUCCESS\" > \"${SCRIPT_OUTPUT_FILE_0}\"\n";
			showEnvVarsInLog = 0;
		};
		8B05C7BC76278A33D82908E4 /* [CP] Embed Pods Frameworks */ = {
			isa = PBXShellScriptBuildPhase;
			buildActionMask = 2147483647;
			files = (
			);
			inputFileListPaths = (
			);
			inputPaths = (
				"${SRCROOT}/Pods/Target Support Files/Pods-AutoNet-Ios/Pods-AutoNet-Ios-frameworks.sh",
				"${BUILT_PRODUCTS_DIR}/HandyJSON/HandyJSON.framework",
				"${BUILT_PRODUCTS_DIR}/RxAtomic/RxAtomic.framework",
				"${BUILT_PRODUCTS_DIR}/RxCocoa/RxCocoa.framework",
				"${BUILT_PRODUCTS_DIR}/RxSwift/RxSwift.framework",
			);
			name = "[CP] Embed Pods Frameworks";
			outputFileListPaths = (
			);
			outputPaths = (
				"${TARGET_BUILD_DIR}/${FRAMEWORKS_FOLDER_PATH}/HandyJSON.framework",
				"${TARGET_BUILD_DIR}/${FRAMEWORKS_FOLDER_PATH}/RxAtomic.framework",
				"${TARGET_BUILD_DIR}/${FRAMEWORKS_FOLDER_PATH}/RxCocoa.framework",
				"${TARGET_BUILD_DIR}/${FRAMEWORKS_FOLDER_PATH}/RxSwift.framework",
			);
			runOnlyForDeploymentPostprocessing = 0;
			shellPath = /bin/sh;
			shellScript = "\"${SRCROOT}/Pods/Target Support Files/Pods-AutoNet-Ios/Pods-AutoNet-Ios-frameworks.sh\"\n";
			showEnvVarsInLog = 0;
		};
/* End PBXShellScriptBuildPhase section */

/* Begin PBXSourcesBuildPhase section */
		B6B0464721A531DD00E2821B /* Sources */ = {
			isa = PBXSourcesBuildPhase;
			buildActionMask = 2147483647;
			files = (
				D14D4BB321AA8F720049C5CA /* AutoNetUrlUtil.swift in Sources */,
				B619828821B60B3F00478809 /* RealPushFileInterceptor.swift in Sources */,
				B6B0467A21A548D600E2821B /* AutoNetConfig.swift in Sources */,
				B6B0468321A67BDC00E2821B /* Request.swift in Sources */,
				B619828421B5276200478809 /* AutoNetQuqeustTypeUtil.swift in Sources */,
				B6B0467C21A54C8000E2821B /* Interceptor.swift in Sources */,
				B6B0467821A5481400E2821B /* AutoNet.swift in Sources */,
				B619828621B608B500478809 /* BaseRealInterceptor.swift in Sources */,
				B6B0465121A531DD00E2821B /* ViewController.swift in Sources */,
				B619828A21B60E0800478809 /* RealPullFileInterceptor.swift in Sources */,
				B6B0468121A64B5B00E2821B /* AutoNetConvertClosure.swift in Sources */,
				B6B0468721A6818600E2821B /* AutoNetClosure.swift in Sources */,
				B6B0468B21A7D7DE00E2821B /* AutoNetStrategy.swift in Sources */,
				B619827521B0D59D00478809 /* RealNetInterceptor.swift in Sources */,
				B6B0469021A7E54700E2821B /* AutoNetDefaultResponse.swift in Sources */,
				B6B0466621A5386700E2821B /* AutoNetUtil.swift in Sources */,
				B619827B21B4DE8900478809 /* AutoNetSimpleAnyObserver.swift in Sources */,
				B6B0467321A5418600E2821B /* AutoNetPattern.swift in Sources */,
				B6B0464F21A531DD00E2821B /* AppDelegate.swift in Sources */,
				B6B0468521A680CD00E2821B /* Chain.swift in Sources */,
				B619827721B4BE4600478809 /* BaseResponse.swift in Sources */,
				B6B0468921A6922400E2821B /* RealInterceptorChain.swift in Sources */,
				B6B0466921A53CDF00E2821B /* AutoNetError.swift in Sources */,
				B6B0468D21A7D8D400E2821B /* AutoNetType.swift in Sources */,
				D14D4BB121AA656F0049C5CA /* TextUtil.swift in Sources */,
				B6B0467F21A64ADF00E2821B /* AutoNetDataClosure.swift in Sources */,
				B619828221B5182500478809 /* AutoNetFileClosure.swift in Sources */,
				B619828021B4FCA600478809 /* DefaultLogInterceptor.swift in Sources */,
				B6B0467021A53FC300E2821B /* RequestParam.swift in Sources */,
				B6B0467621A5427F00E2821B /* Headers.swift in Sources */,
				D14D4BAF21AA56690049C5CA /* AutoNetExecutor.swift in Sources */,
			);
			runOnlyForDeploymentPostprocessing = 0;
		};
/* End PBXSourcesBuildPhase section */

/* Begin PBXVariantGroup section */
		B6B0465221A531DD00E2821B /* Main.storyboard */ = {
			isa = PBXVariantGroup;
			children = (
				B6B0465321A531DD00E2821B /* Base */,
			);
			name = Main.storyboard;
			sourceTree = "<group>";
		};
		B6B0465721A531E600E2821B /* LaunchScreen.storyboard */ = {
			isa = PBXVariantGroup;
			children = (
				B6B0465821A531E600E2821B /* Base */,
			);
			name = LaunchScreen.storyboard;
			sourceTree = "<group>";
		};
/* End PBXVariantGroup section */

/* Begin XCBuildConfiguration section */
		B6B0465B21A531E600E2821B /* Debug */ = {
			isa = XCBuildConfiguration;
			buildSettings = {
				ALWAYS_SEARCH_USER_PATHS = NO;
				CLANG_ANALYZER_NONNULL = YES;
				CLANG_ANALYZER_NUMBER_OBJECT_CONVERSION = YES_AGGRESSIVE;
				CLANG_CXX_LANGUAGE_STANDARD = "gnu++14";
				CLANG_CXX_LIBRARY = "libc++";
				CLANG_ENABLE_MODULES = YES;
				CLANG_ENABLE_OBJC_ARC = YES;
				CLANG_ENABLE_OBJC_WEAK = YES;
				CLANG_WARN_BLOCK_CAPTURE_AUTORELEASING = YES;
				CLANG_WARN_BOOL_CONVERSION = YES;
				CLANG_WARN_COMMA = YES;
				CLANG_WARN_CONSTANT_CONVERSION = YES;
				CLANG_WARN_DEPRECATED_OBJC_IMPLEMENTATIONS = YES;
				CLANG_WARN_DIRECT_OBJC_ISA_USAGE = YES_ERROR;
				CLANG_WARN_DOCUMENTATION_COMMENTS = YES;
				CLANG_WARN_EMPTY_BODY = YES;
				CLANG_WARN_ENUM_CONVERSION = YES;
				CLANG_WARN_INFINITE_RECURSION = YES;
				CLANG_WARN_INT_CONVERSION = YES;
				CLANG_WARN_NON_LITERAL_NULL_CONVERSION = YES;
				CLANG_WARN_OBJC_IMPLICIT_RETAIN_SELF = YES;
				CLANG_WARN_OBJC_LITERAL_CONVERSION = YES;
				CLANG_WARN_OBJC_ROOT_CLASS = YES_ERROR;
				CLANG_WARN_RANGE_LOOP_ANALYSIS = YES;
				CLANG_WARN_STRICT_PROTOTYPES = YES;
				CLANG_WARN_SUSPICIOUS_MOVE = YES;
				CLANG_WARN_UNGUARDED_AVAILABILITY = YES_AGGRESSIVE;
				CLANG_WARN_UNREACHABLE_CODE = YES;
				CLANG_WARN__DUPLICATE_METHOD_MATCH = YES;
				CODE_SIGN_IDENTITY = "iPhone Developer";
				COPY_PHASE_STRIP = NO;
				DEBUG_INFORMATION_FORMAT = dwarf;
				ENABLE_STRICT_OBJC_MSGSEND = YES;
				ENABLE_TESTABILITY = YES;
				GCC_C_LANGUAGE_STANDARD = gnu11;
				GCC_DYNAMIC_NO_PIC = NO;
				GCC_NO_COMMON_BLOCKS = YES;
				GCC_OPTIMIZATION_LEVEL = 0;
				GCC_PREPROCESSOR_DEFINITIONS = (
					"DEBUG=1",
					"$(inherited)",
				);
				GCC_WARN_64_TO_32_BIT_CONVERSION = YES;
				GCC_WARN_ABOUT_RETURN_TYPE = YES_ERROR;
				GCC_WARN_UNDECLARED_SELECTOR = YES;
				GCC_WARN_UNINITIALIZED_AUTOS = YES_AGGRESSIVE;
				GCC_WARN_UNUSED_FUNCTION = YES;
				GCC_WARN_UNUSED_VARIABLE = YES;
				IPHONEOS_DEPLOYMENT_TARGET = 12.1;
				MTL_ENABLE_DEBUG_INFO = INCLUDE_SOURCE;
				MTL_FAST_MATH = YES;
				ONLY_ACTIVE_ARCH = YES;
				SDKROOT = iphoneos;
				SWIFT_ACTIVE_COMPILATION_CONDITIONS = DEBUG;
				SWIFT_OPTIMIZATION_LEVEL = "-Onone";
			};
			name = Debug;
		};
		B6B0465C21A531E600E2821B /* Release */ = {
			isa = XCBuildConfiguration;
			buildSettings = {
				ALWAYS_SEARCH_USER_PATHS = NO;
				CLANG_ANALYZER_NONNULL = YES;
				CLANG_ANALYZER_NUMBER_OBJECT_CONVERSION = YES_AGGRESSIVE;
				CLANG_CXX_LANGUAGE_STANDARD = "gnu++14";
				CLANG_CXX_LIBRARY = "libc++";
				CLANG_ENABLE_MODULES = YES;
				CLANG_ENABLE_OBJC_ARC = YES;
				CLANG_ENABLE_OBJC_WEAK = YES;
				CLANG_WARN_BLOCK_CAPTURE_AUTORELEASING = YES;
				CLANG_WARN_BOOL_CONVERSION = YES;
				CLANG_WARN_COMMA = YES;
				CLANG_WARN_CONSTANT_CONVERSION = YES;
				CLANG_WARN_DEPRECATED_OBJC_IMPLEMENTATIONS = YES;
				CLANG_WARN_DIRECT_OBJC_ISA_USAGE = YES_ERROR;
				CLANG_WARN_DOCUMENTATION_COMMENTS = YES;
				CLANG_WARN_EMPTY_BODY = YES;
				CLANG_WARN_ENUM_CONVERSION = YES;
				CLANG_WARN_INFINITE_RECURSION = YES;
				CLANG_WARN_INT_CONVERSION = YES;
				CLANG_WARN_NON_LITERAL_NULL_CONVERSION = YES;
				CLANG_WARN_OBJC_IMPLICIT_RETAIN_SELF = YES;
				CLANG_WARN_OBJC_LITERAL_CONVERSION = YES;
				CLANG_WARN_OBJC_ROOT_CLASS = YES_ERROR;
				CLANG_WARN_RANGE_LOOP_ANALYSIS = YES;
				CLANG_WARN_STRICT_PROTOTYPES = YES;
				CLANG_WARN_SUSPICIOUS_MOVE = YES;
				CLANG_WARN_UNGUARDED_AVAILABILITY = YES_AGGRESSIVE;
				CLANG_WARN_UNREACHABLE_CODE = YES;
				CLANG_WARN__DUPLICATE_METHOD_MATCH = YES;
				CODE_SIGN_IDENTITY = "iPhone Developer";
				COPY_PHASE_STRIP = NO;
				DEBUG_INFORMATION_FORMAT = "dwarf-with-dsym";
				ENABLE_NS_ASSERTIONS = NO;
				ENABLE_STRICT_OBJC_MSGSEND = YES;
				GCC_C_LANGUAGE_STANDARD = gnu11;
				GCC_NO_COMMON_BLOCKS = YES;
				GCC_WARN_64_TO_32_BIT_CONVERSION = YES;
				GCC_WARN_ABOUT_RETURN_TYPE = YES_ERROR;
				GCC_WARN_UNDECLARED_SELECTOR = YES;
				GCC_WARN_UNINITIALIZED_AUTOS = YES_AGGRESSIVE;
				GCC_WARN_UNUSED_FUNCTION = YES;
				GCC_WARN_UNUSED_VARIABLE = YES;
				IPHONEOS_DEPLOYMENT_TARGET = 12.1;
				MTL_ENABLE_DEBUG_INFO = NO;
				MTL_FAST_MATH = YES;
				SDKROOT = iphoneos;
				SWIFT_COMPILATION_MODE = wholemodule;
				SWIFT_OPTIMIZATION_LEVEL = "-O";
				VALIDATE_PRODUCT = YES;
			};
			name = Release;
		};
		B6B0465E21A531E600E2821B /* Debug */ = {
			isa = XCBuildConfiguration;
			baseConfigurationReference = 7D1287A0D7E9322D76C708E2 /* Pods-AutoNet-Ios.debug.xcconfig */;
			buildSettings = {
				ASSETCATALOG_COMPILER_APPICON_NAME = AppIcon;
				CODE_SIGN_STYLE = Automatic;
				DEVELOPMENT_TEAM = D68JB6D4VH;
				INFOPLIST_FILE = "AutoNet-Ios/Info.plist";
				LD_RUNPATH_SEARCH_PATHS = (
					"$(inherited)",
					"@executable_path/Frameworks",
				);
				PRODUCT_BUNDLE_IDENTIFIER = "xiaoxige.AutoNet-Ios";
				PRODUCT_NAME = "$(TARGET_NAME)";
				SWIFT_VERSION = 4.2;
				TARGETED_DEVICE_FAMILY = "1,2";
			};
			name = Debug;
		};
		B6B0465F21A531E600E2821B /* Release */ = {
			isa = XCBuildConfiguration;
			baseConfigurationReference = F494D2D4F00AA739C896AEA9 /* Pods-AutoNet-Ios.release.xcconfig */;
			buildSettings = {
				ASSETCATALOG_COMPILER_APPICON_NAME = AppIcon;
				CODE_SIGN_STYLE = Automatic;
				DEVELOPMENT_TEAM = D68JB6D4VH;
				INFOPLIST_FILE = "AutoNet-Ios/Info.plist";
				LD_RUNPATH_SEARCH_PATHS = (
					"$(inherited)",
					"@executable_path/Frameworks",
				);
				PRODUCT_BUNDLE_IDENTIFIER = "xiaoxige.AutoNet-Ios";
				PRODUCT_NAME = "$(TARGET_NAME)";
				SWIFT_VERSION = 4.2;
				TARGETED_DEVICE_FAMILY = "1,2";
			};
			name = Release;
		};
/* End XCBuildConfiguration section */

/* Begin XCConfigurationList section */
		B6B0464621A531DD00E2821B /* Build configuration list for PBXProject "AutoNet-Ios" */ = {
			isa = XCConfigurationList;
			buildConfigurations = (
				B6B0465B21A531E600E2821B /* Debug */,
				B6B0465C21A531E600E2821B /* Release */,
			);
			defaultConfigurationIsVisible = 0;
			defaultConfigurationName = Release;
		};
		B6B0465D21A531E600E2821B /* Build configuration list for PBXNativeTarget "AutoNet-Ios" */ = {
			isa = XCConfigurationList;
			buildConfigurations = (
				B6B0465E21A531E600E2821B /* Debug */,
				B6B0465F21A531E600E2821B /* Release */,
			);
			defaultConfigurationIsVisible = 0;
			defaultConfigurationName = Release;
		};
/* End XCConfigurationList section */
	};
	rootObject = B6B0464321A531DD00E2821B /* Project object */;
}
